# This file is automatically @generated by Cargo.
# It is not intended for manual editing.
version = 4

[[package]]
name = "expanda"
version = "0.2.1"
dependencies = [
 "expanda-macros",
]

[[package]]
name = "expanda-macros"
version = "0.2.1"
source = "registry+https://github.com/rust-lang/crates.io-index"
checksum = "dfd66907e5f8da2ba5e33b89c0e81a4969d0ce6b7e973490694f1a33229db248"
